{
  "name": "WebTouristCenter",
  "lockfileVersion": 2,
  "requires": true,
  "packages": {
    "": {
      "dependencies": {
        "typescript-cookie": "^1.0.3"
      }
    },
    "node_modules/typescript-cookie": {
      "version": "1.0.3",
      "resolved": "https://registry.npmjs.org/typescript-cookie/-/typescript-cookie-1.0.3.tgz",
      "integrity": "sha512-eGu8HYw2oI+NXV7JJ1QDFi02EWYTl8zENevq5kSI3JcAdCxtUvjW6Nj5Mjrej83/oK8O/5OyRDuivhSFU49GcA==",
      "engines": {
        "node": ">=14"
      }
    }
  },
  "dependencies": {
    "typescript-cookie": {
      "version": "1.0.3",
      "resolved": "https://registry.npmjs.org/typescript-cookie/-/typescript-cookie-1.0.3.tgz",
      "integrity": "sha512-eGu8HYw2oI+NXV7JJ1QDFi02EWYTl8zENevq5kSI3JcAdCxtUvjW6Nj5Mjrej83/oK8O/5OyRDuivhSFU49GcA=="
    }
  }
}
