
Microsoft Visual Studio Solution File, Format Version 12.00
# Visual Studio Version 17
VisualStudioVersion = 17.1.32319.34
MinimumVisualStudioVersion = 10.0.40219.1
Project("{9A19103F-16F7-4668-BE54-9A1E7A4F7556}") = "WebServer", "WebServer\WebServer.csproj", "{D836D69F-2F31-4A65-95AB-4968F39CDD25}"
EndProject
Project("{9A19103F-16F7-4668-BE54-9A1E7A4F7556}") = "TouristСenterLibrary", "TouristСenterLibrary\TouristСenterLibrary.csproj", "{74DD78FF-2646-4CDB-B569-77990375EB1D}"
EndProject
Project("{9A19103F-16F7-4668-BE54-9A1E7A4F7556}") = "ExcelLibrary", "ExcelLibrary\ExcelLibrary.csproj", "{4925AEA9-D728-4FD5-8A63-090E23C95FFD}"
EndProject
Project("{FAE04EC0-301F-11D3-BF4B-00C04F79EFBC}") = "WebServerAsp", "WebServerAsp\WebServerAsp.csproj", "{AB737F51-E2A4-42E8-BEA8-2D8D47600F97}"
EndProject
Global
	GlobalSection(SolutionConfigurationPlatforms) = preSolution
		Debug|Any CPU = Debug|Any CPU
		Release|Any CPU = Release|Any CPU
	EndGlobalSection
	GlobalSection(ProjectConfigurationPlatforms) = postSolution
		{D836D69F-2F31-4A65-95AB-4968F39CDD25}.Debug|Any CPU.ActiveCfg = Debug|Any CPU
		{D836D69F-2F31-4A65-95AB-4968F39CDD25}.Debug|Any CPU.Build.0 = Debug|Any CPU
		{D836D69F-2F31-4A65-95AB-4968F39CDD25}.Release|Any CPU.ActiveCfg = Release|Any CPU
		{D836D69F-2F31-4A65-95AB-4968F39CDD25}.Release|Any CPU.Build.0 = Release|Any CPU
		{74DD78FF-2646-4CDB-B569-77990375EB1D}.Debug|Any CPU.ActiveCfg = Debug|Any CPU
		{74DD78FF-2646-4CDB-B569-77990375EB1D}.Debug|Any CPU.Build.0 = Debug|Any CPU
		{74DD78FF-2646-4CDB-B569-77990375EB1D}.Release|Any CPU.ActiveCfg = Release|Any CPU
		{74DD78FF-2646-4CDB-B569-77990375EB1D}.Release|Any CPU.Build.0 = Release|Any CPU
		{4925AEA9-D728-4FD5-8A63-090E23C95FFD}.Debug|Any CPU.ActiveCfg = Debug|Any CPU
		{4925AEA9-D728-4FD5-8A63-090E23C95FFD}.Debug|Any CPU.Build.0 = Debug|Any CPU
		{4925AEA9-D728-4FD5-8A63-090E23C95FFD}.Release|Any CPU.ActiveCfg = Release|Any CPU
		{4925AEA9-D728-4FD5-8A63-090E23C95FFD}.Release|Any CPU.Build.0 = Release|Any CPU
		{AB737F51-E2A4-42E8-BEA8-2D8D47600F97}.Debug|Any CPU.ActiveCfg = Debug|Any CPU
		{AB737F51-E2A4-42E8-BEA8-2D8D47600F97}.Debug|Any CPU.Build.0 = Debug|Any CPU
		{AB737F51-E2A4-42E8-BEA8-2D8D47600F97}.Release|Any CPU.ActiveCfg = Release|Any CPU
		{AB737F51-E2A4-42E8-BEA8-2D8D47600F97}.Release|Any CPU.Build.0 = Release|Any CPU
	EndGlobalSection
	GlobalSection(SolutionProperties) = preSolution
		HideSolutionNode = FALSE
	EndGlobalSection
	GlobalSection(ExtensibilityGlobals) = postSolution
		SolutionGuid = {8E3F8577-78A7-4A8E-827B-25A355055D57}
	EndGlobalSection
EndGlobal
